
Microsoft Visual Studio Solution File, Format Version 12.00
# Visual Studio Version 17
VisualStudioVersion = 17.11.35208.52
MinimumVisualStudioVersion = 10.0.40219.1
Project("{FAE04EC0-301F-11D3-BF4B-00C04F79EFBC}") = "problemSolving__Day1", "problemSolving__Day1\problemSolving__Day1.csproj", "{658A74DD-60AE-46BA-ABAB-B78A60738686}"
EndProject
Global
	GlobalSection(SolutionConfigurationPlatforms) = preSolution
		Debug|Any CPU = Debug|Any CPU
		Release|Any CPU = Release|Any CPU
	EndGlobalSection
	GlobalSection(ProjectConfigurationPlatforms) = postSolution
		{658A74DD-60AE-46BA-ABAB-B78A60738686}.Debug|Any CPU.ActiveCfg = Debug|Any CPU
		{658A74DD-60AE-46BA-ABAB-B78A60738686}.Debug|Any CPU.Build.0 = Debug|Any CPU
		{658A74DD-60AE-46BA-ABAB-B78A60738686}.Release|Any CPU.ActiveCfg = Release|Any CPU
		{658A74DD-60AE-46BA-ABAB-B78A60738686}.Release|Any CPU.Build.0 = Release|Any CPU
	EndGlobalSection
	GlobalSection(SolutionProperties) = preSolution
		HideSolutionNode = FALSE
	EndGlobalSection
	GlobalSection(ExtensibilityGlobals) = postSolution
		SolutionGuid = {04E0C06F-207D-46BF-BF8C-B18A50635A48}
	EndGlobalSection
EndGlobal
